
Microsoft Visual Studio Solution File, Format Version 12.00
# Visual Studio 2013
VisualStudioVersion = 12.0.21005.1
MinimumVisualStudioVersion = 10.0.40219.1
Project("{FAE04EC0-301F-11D3-BF4B-00C04F79EFBC}") = "Jobs", "Jobs.csproj", "{76AAD49B-B26F-4A2D-9948-0A671A274B06}"
EndProject
Project("{FAE04EC0-301F-11D3-BF4B-00C04F79EFBC}") = "Jobs.Test", "Test\Jobs.Test.csproj", "{77DEC522-B470-4A57-96ED-2A3DEB897E21}"
EndProject
Global
	GlobalSection(SolutionConfigurationPlatforms) = preSolution
		Debug|Any CPU = Debug|Any CPU
		Release|Any CPU = Release|Any CPU
	EndGlobalSection
	GlobalSection(ProjectConfigurationPlatforms) = postSolution
		{76AAD49B-B26F-4A2D-9948-0A671A274B06}.Debug|Any CPU.ActiveCfg = Debug|Any CPU
		{76AAD49B-B26F-4A2D-9948-0A671A274B06}.Debug|Any CPU.Build.0 = Debug|Any CPU
		{76AAD49B-B26F-4A2D-9948-0A671A274B06}.Release|Any CPU.ActiveCfg = Release|Any CPU
		{76AAD49B-B26F-4A2D-9948-0A671A274B06}.Release|Any CPU.Build.0 = Release|Any CPU
		{77DEC522-B470-4A57-96ED-2A3DEB897E21}.Debug|Any CPU.ActiveCfg = Debug|Any CPU
		{77DEC522-B470-4A57-96ED-2A3DEB897E21}.Debug|Any CPU.Build.0 = Debug|Any CPU
		{77DEC522-B470-4A57-96ED-2A3DEB897E21}.Release|Any CPU.ActiveCfg = Release|Any CPU
		{77DEC522-B470-4A57-96ED-2A3DEB897E21}.Release|Any CPU.Build.0 = Release|Any CPU
	EndGlobalSection
	GlobalSection(SolutionProperties) = preSolution
		HideSolutionNode = FALSE
	EndGlobalSection
EndGlobal
