
Microsoft Visual Studio Solution File, Format Version 12.00
# Visual Studio 2013
VisualStudioVersion = 12.0.21005.1
MinimumVisualStudioVersion = 10.0.40219.1
Project("{FAE04EC0-301F-11D3-BF4B-00C04F79EFBC}") = "Salary", "Salary.csproj", "{52DB5891-7D82-4712-9F0A-0430B9FC7D10}"
EndProject
Project("{FAE04EC0-301F-11D3-BF4B-00C04F79EFBC}") = "Salary.Test", "Test\Salary.Test.csproj", "{77DEC522-B470-4A57-96ED-2A3DEB897E21}"
EndProject
Global
	GlobalSection(SolutionConfigurationPlatforms) = preSolution
		Debug|Any CPU = Debug|Any CPU
		Release|Any CPU = Release|Any CPU
	EndGlobalSection
	GlobalSection(ProjectConfigurationPlatforms) = postSolution
		{52DB5891-7D82-4712-9F0A-0430B9FC7D10}.Debug|Any CPU.ActiveCfg = Debug|Any CPU
		{52DB5891-7D82-4712-9F0A-0430B9FC7D10}.Debug|Any CPU.Build.0 = Debug|Any CPU
		{52DB5891-7D82-4712-9F0A-0430B9FC7D10}.Release|Any CPU.ActiveCfg = Release|Any CPU
		{52DB5891-7D82-4712-9F0A-0430B9FC7D10}.Release|Any CPU.Build.0 = Release|Any CPU
		{77DEC522-B470-4A57-96ED-2A3DEB897E21}.Debug|Any CPU.ActiveCfg = Debug|Any CPU
		{77DEC522-B470-4A57-96ED-2A3DEB897E21}.Debug|Any CPU.Build.0 = Debug|Any CPU
		{77DEC522-B470-4A57-96ED-2A3DEB897E21}.Release|Any CPU.ActiveCfg = Release|Any CPU
		{77DEC522-B470-4A57-96ED-2A3DEB897E21}.Release|Any CPU.Build.0 = Release|Any CPU
	EndGlobalSection
	GlobalSection(SolutionProperties) = preSolution
		HideSolutionNode = FALSE
	EndGlobalSection
EndGlobal
